// !$*UTF8*$!
{
	archiveVersion = 1;
	classes = {
	};
	objectVersion = 46;
	objects = {

/* Begin PBXBuildFile section */
		CCE5623C1F86EA4B00BCAC95 /* main.cpp in Sources */ = {isa = PBXBuildFile; fileRef = CCE5623B1F86EA4B00BCAC95 /* main.cpp */; };
		CCE562451F86EA7E00BCAC95 /* human.cpp in Sources */ = {isa = PBXBuildFile; fileRef = CCE562431F86EA7E00BCAC95 /* human.cpp */; };
		CCE562481F86EB8700BCAC95 /* house.cpp in Sources */ = {isa = PBXBuildFile; fileRef = CCE562461F86EB8700BCAC95 /* house.cpp */; };
		CCE5624B1F86F4A300BCAC95 /* block.cpp in Sources */ = {isa = PBXBuildFile; fileRef = CCE562491F86F4A300BCAC95 /* block.cpp */; };
/* End PBXBuildFile section */

/* Begin PBXCopyFilesBuildPhase section */
		CCE562361F86EA4B00BCAC95 /* CopyFiles */ = {
			isa = PBXCopyFilesBuildPhase;
			buildActionMask = 2147483647;
			dstPath = /usr/share/man/man1/;
			dstSubfolderSpec = 0;
			files = (
			);
			runOnlyForDeploymentPostprocessing = 1;
		};
/* End PBXCopyFilesBuildPhase section */

/* Begin PBXFileReference section */
		CCE562381F86EA4B00BCAC95 /* InfectionSim */ = {isa = PBXFileReference; explicitFileType = "compiled.mach-o.executable"; includeInIndex = 0; path = InfectionSim; sourceTree = BUILT_PRODUCTS_DIR; };
		CCE5623B1F86EA4B00BCAC95 /* main.cpp */ = {isa = PBXFileReference; lastKnownFileType = sourcecode.cpp.cpp; path = main.cpp; sourceTree = "<group>"; };
		CCE562431F86EA7E00BCAC95 /* human.cpp */ = {isa = PBXFileReference; fileEncoding = 4; lastKnownFileType = sourcecode.cpp.cpp; path = human.cpp; sourceTree = "<group>"; };
		CCE562441F86EA7E00BCAC95 /* human.hpp */ = {isa = PBXFileReference; fileEncoding = 4; lastKnownFileType = sourcecode.cpp.h; path = human.hpp; sourceTree = "<group>"; };
		CCE562461F86EB8700BCAC95 /* house.cpp */ = {isa = PBXFileReference; fileEncoding = 4; lastKnownFileType = sourcecode.cpp.cpp; path = house.cpp; sourceTree = "<group>"; };
		CCE562471F86EB8700BCAC95 /* house.hpp */ = {isa = PBXFileReference; fileEncoding = 4; lastKnownFileType = sourcecode.cpp.h; path = house.hpp; sourceTree = "<group>"; };
		CCE562491F86F4A300BCAC95 /* block.cpp */ = {isa = PBXFileReference; fileEncoding = 4; lastKnownFileType = sourcecode.cpp.cpp; path = block.cpp; sourceTree = "<group>"; };
		CCE5624A1F86F4A300BCAC95 /* block.hpp */ = {isa = PBXFileReference; fileEncoding = 4; lastKnownFileType = sourcecode.cpp.h; path = block.hpp; sourceTree = "<group>"; };
/* End PBXFileReference section */

/* Begin PBXFrameworksBuildPhase section */
		CCE562351F86EA4B00BCAC95 /* Frameworks */ = {
			isa = PBXFrameworksBuildPhase;
			buildActionMask = 2147483647;
			files = (
			);
			runOnlyForDeploymentPostprocessing = 0;
		};
/* End PBXFrameworksBuildPhase section */

/* Begin PBXGroup section */
		CCE5622F1F86EA4B00BCAC95 = {
			isa = PBXGroup;
			children = (
				CCE5623A1F86EA4B00BCAC95 /* InfectionSim */,
				CCE562391F86EA4B00BCAC95 /* Products */,
			);
			sourceTree = "<group>";
		};
		CCE562391F86EA4B00BCAC95 /* Products */ = {
			isa = PBXGroup;
			children = (
				CCE562381F86EA4B00BCAC95 /* InfectionSim */,
			);
			name = Products;
			sourceTree = "<group>";
		};
		CCE5623A1F86EA4B00BCAC95 /* InfectionSim */ = {
			isa = PBXGroup;
			children = (
				CCE5623B1F86EA4B00BCAC95 /* main.cpp */,
				CCE562431F86EA7E00BCAC95 /* human.cpp */,
				CCE562441F86EA7E00BCAC95 /* human.hpp */,
				CCE562461F86EB8700BCAC95 /* house.cpp */,
				CCE562471F86EB8700BCAC95 /* house.hpp */,
				CCE562491F86F4A300BCAC95 /* block.cpp */,
				CCE5624A1F86F4A300BCAC95 /* block.hpp */,
			);
			path = InfectionSim;
			sourceTree = "<group>";
		};
/* End PBXGroup section */

/* Begin PBXNativeTarget section */
		CCE562371F86EA4B00BCAC95 /* InfectionSim */ = {
			isa = PBXNativeTarget;
			buildConfigurationList = CCE5623F1F86EA4B00BCAC95 /* Build configuration list for PBXNativeTarget "InfectionSim" */;
			buildPhases = (
				CCE562341F86EA4B00BCAC95 /* Sources */,
				CCE562351F86EA4B00BCAC95 /* Frameworks */,
				CCE562361F86EA4B00BCAC95 /* CopyFiles */,
			);
			buildRules = (
			);
			dependencies = (
			);
			name = InfectionSim;
			productName = InfectionSim;
			productReference = CCE562381F86EA4B00BCAC95 /* InfectionSim */;
			productType = "com.apple.product-type.tool";
		};
/* End PBXNativeTarget section */

/* Begin PBXProject section */
		CCE562301F86EA4B00BCAC95 /* Project object */ = {
			isa = PBXProject;
			attributes = {
				LastUpgradeCheck = 0830;
				ORGANIZATIONNAME = "Sean Wu";
				TargetAttributes = {
					CCE562371F86EA4B00BCAC95 = {
						CreatedOnToolsVersion = 8.3.3;
						ProvisioningStyle = Automatic;
					};
				};
			};
			buildConfigurationList = CCE562331F86EA4B00BCAC95 /* Build configuration list for PBXProject "InfectionSim" */;
			compatibilityVersion = "Xcode 3.2";
			developmentRegion = English;
			hasScannedForEncodings = 0;
			knownRegions = (
				en,
			);
			mainGroup = CCE5622F1F86EA4B00BCAC95;
			productRefGroup = CCE562391F86EA4B00BCAC95 /* Products */;
			projectDirPath = "";
			projectRoot = "";
			targets = (
				CCE562371F86EA4B00BCAC95 /* InfectionSim */,
			);
		};
/* End PBXProject section */

/* Begin PBXSourcesBuildPhase section */
		CCE562341F86EA4B00BCAC95 /* Sources */ = {
			isa = PBXSourcesBuildPhase;
			buildActionMask = 2147483647;
			files = (
				CCE5623C1F86EA4B00BCAC95 /* main.cpp in Sources */,
				CCE5624B1F86F4A300BCAC95 /* block.cpp in Sources */,
				CCE562481F86EB8700BCAC95 /* house.cpp in Sources */,
				CCE562451F86EA7E00BCAC95 /* human.cpp in Sources */,
			);
			runOnlyForDeploymentPostprocessing = 0;
		};
/* End PBXSourcesBuildPhase section */

/* Begin XCBuildConfiguration section */
		CCE5623D1F86EA4B00BCAC95 /* Debug */ = {
			isa = XCBuildConfiguration;
			buildSettings = {
				ALWAYS_SEARCH_USER_PATHS = NO;
				CLANG_ANALYZER_NONNULL = YES;
				CLANG_ANALYZER_NUMBER_OBJECT_CONVERSION = YES_AGGRESSIVE;
				CLANG_CXX_LANGUAGE_STANDARD = "gnu++0x";
				CLANG_CXX_LIBRARY = "libc++";
				CLANG_ENABLE_MODULES = YES;
				CLANG_ENABLE_OBJC_ARC = YES;
				CLANG_WARN_BOOL_CONVERSION = YES;
				CLANG_WARN_CONSTANT_CONVERSION = YES;
				CLANG_WARN_DIRECT_OBJC_ISA_USAGE = YES_ERROR;
				CLANG_WARN_DOCUMENTATION_COMMENTS = YES;
				CLANG_WARN_EMPTY_BODY = YES;
				CLANG_WARN_ENUM_CONVERSION = YES;
				CLANG_WARN_INFINITE_RECURSION = YES;
				CLANG_WARN_INT_CONVERSION = YES;
				CLANG_WARN_OBJC_ROOT_CLASS = YES_ERROR;
				CLANG_WARN_SUSPICIOUS_MOVE = YES;
				CLANG_WARN_UNREACHABLE_CODE = YES;
				CLANG_WARN__DUPLICATE_METHOD_MATCH = YES;
				CODE_SIGN_IDENTITY = "-";
				COPY_PHASE_STRIP = NO;
				DEBUG_INFORMATION_FORMAT = dwarf;
				ENABLE_STRICT_OBJC_MSGSEND = YES;
				ENABLE_TESTABILITY = YES;
				GCC_C_LANGUAGE_STANDARD = gnu99;
				GCC_DYNAMIC_NO_PIC = NO;
				GCC_NO_COMMON_BLOCKS = YES;
				GCC_OPTIMIZATION_LEVEL = 0;
				GCC_PREPROCESSOR_DEFINITIONS = (
					"DEBUG=1",
					"$(inherited)",
				);
				GCC_WARN_64_TO_32_BIT_CONVERSION = YES;
				GCC_WARN_ABOUT_RETURN_TYPE = YES_ERROR;
				GCC_WARN_UNDECLARED_SELECTOR = YES;
				GCC_WARN_UNINITIALIZED_AUTOS = YES_AGGRESSIVE;
				GCC_WARN_UNUSED_FUNCTION = YES;
				GCC_WARN_UNUSED_VARIABLE = YES;
				MACOSX_DEPLOYMENT_TARGET = 10.12;
				MTL_ENABLE_DEBUG_INFO = YES;
				ONLY_ACTIVE_ARCH = YES;
				SDKROOT = macosx;
			};
			name = Debug;
		};
		CCE5623E1F86EA4B00BCAC95 /* Release */ = {
			isa = XCBuildConfiguration;
			buildSettings = {
				ALWAYS_SEARCH_USER_PATHS = NO;
				CLANG_ANALYZER_NONNULL = YES;
				CLANG_ANALYZER_NUMBER_OBJECT_CONVERSION = YES_AGGRESSIVE;
				CLANG_CXX_LANGUAGE_STANDARD = "gnu++0x";
				CLANG_CXX_LIBRARY = "libc++";
				CLANG_ENABLE_MODULES = YES;
				CLANG_ENABLE_OBJC_ARC = YES;
				CLANG_WARN_BOOL_CONVERSION = YES;
				CLANG_WARN_CONSTANT_CONVERSION = YES;
				CLANG_WARN_DIRECT_OBJC_ISA_USAGE = YES_ERROR;
				CLANG_WARN_DOCUMENTATION_COMMENTS = YES;
				CLANG_WARN_EMPTY_BODY = YES;
				CLANG_WARN_ENUM_CONVERSION = YES;
				CLANG_WARN_INFINITE_RECURSION = YES;
				CLANG_WARN_INT_CONVERSION = YES;
				CLANG_WARN_OBJC_ROOT_CLASS = YES_ERROR;
				CLANG_WARN_SUSPICIOUS_MOVE = YES;
				CLANG_WARN_UNREACHABLE_CODE = YES;
				CLANG_WARN__DUPLICATE_METHOD_MATCH = YES;
				CODE_SIGN_IDENTITY = "-";
				COPY_PHASE_STRIP = NO;
				DEBUG_INFORMATION_FORMAT = "dwarf-with-dsym";
				ENABLE_NS_ASSERTIONS = NO;
				ENABLE_STRICT_OBJC_MSGSEND = YES;
				GCC_C_LANGUAGE_STANDARD = gnu99;
				GCC_NO_COMMON_BLOCKS = YES;
				GCC_WARN_64_TO_32_BIT_CONVERSION = YES;
				GCC_WARN_ABOUT_RETURN_TYPE = YES_ERROR;
				GCC_WARN_UNDECLARED_SELECTOR = YES;
				GCC_WARN_UNINITIALIZED_AUTOS = YES_AGGRESSIVE;
				GCC_WARN_UNUSED_FUNCTION = YES;
				GCC_WARN_UNUSED_VARIABLE = YES;
				MACOSX_DEPLOYMENT_TARGET = 10.12;
				MTL_ENABLE_DEBUG_INFO = NO;
				SDKROOT = macosx;
			};
			name = Release;
		};
		CCE562401F86EA4B00BCAC95 /* Debug */ = {
			isa = XCBuildConfiguration;
			buildSettings = {
				PRODUCT_NAME = "$(TARGET_NAME)";
			};
			name = Debug;
		};
		CCE562411F86EA4B00BCAC95 /* Release */ = {
			isa = XCBuildConfiguration;
			buildSettings = {
				PRODUCT_NAME = "$(TARGET_NAME)";
			};
			name = Release;
		};
/* End XCBuildConfiguration section */

/* Begin XCConfigurationList section */
		CCE562331F86EA4B00BCAC95 /* Build configuration list for PBXProject "InfectionSim" */ = {
			isa = XCConfigurationList;
			buildConfigurations = (
				CCE5623D1F86EA4B00BCAC95 /* Debug */,
				CCE5623E1F86EA4B00BCAC95 /* Release */,
			);
			defaultConfigurationIsVisible = 0;
			defaultConfigurationName = Release;
		};
		CCE5623F1F86EA4B00BCAC95 /* Build configuration list for PBXNativeTarget "InfectionSim" */ = {
			isa = XCConfigurationList;
			buildConfigurations = (
				CCE562401F86EA4B00BCAC95 /* Debug */,
				CCE562411F86EA4B00BCAC95 /* Release */,
			);
			defaultConfigurationIsVisible = 0;
		};
/* End XCConfigurationList section */
	};
	rootObject = CCE562301F86EA4B00BCAC95 /* Project object */;
}
